// !$*UTF8*$!
{
	archiveVersion = 1;
	classes = {
	};
	objectVersion = 46;
	objects = {

/* Begin PBXBuildFile section */
		A8C9D9FF1EA8E0C300264520 /* AppDelegate.swift in Sources */ = {isa = PBXBuildFile; fileRef = A8C9D9FE1EA8E0C300264520 /* AppDelegate.swift */; };
		A8C9DA011EA8E0C300264520 /* ViewController.swift in Sources */ = {isa = PBXBuildFile; fileRef = A8C9DA001EA8E0C300264520 /* ViewController.swift */; };
		A8C9DA041EA8E0C300264520 /* Main.storyboard in Resources */ = {isa = PBXBuildFile; fileRef = A8C9DA021EA8E0C300264520 /* Main.storyboard */; };
		A8C9DA071EA8E0C300264520 /* TreeViewAssignment.xcdatamodeld in Sources */ = {isa = PBXBuildFile; fileRef = A8C9DA051EA8E0C300264520 /* TreeViewAssignment.xcdatamodeld */; };
		A8C9DA091EA8E0C300264520 /* Assets.xcassets in Resources */ = {isa = PBXBuildFile; fileRef = A8C9DA081EA8E0C300264520 /* Assets.xcassets */; };
		A8C9DA0C1EA8E0C300264520 /* LaunchScreen.storyboard in Resources */ = {isa = PBXBuildFile; fileRef = A8C9DA0A1EA8E0C300264520 /* LaunchScreen.storyboard */; };
/* End PBXBuildFile section */

/* Begin PBXFileReference section */
		A8C9D9FB1EA8E0C300264520 /* TreeViewAssignment.app */ = {isa = PBXFileReference; explicitFileType = wrapper.application; includeInIndex = 0; path = TreeViewAssignment.app; sourceTree = BUILT_PRODUCTS_DIR; };
		A8C9D9FE1EA8E0C300264520 /* AppDelegate.swift */ = {isa = PBXFileReference; lastKnownFileType = sourcecode.swift; path = AppDelegate.swift; sourceTree = "<group>"; };
		A8C9DA001EA8E0C300264520 /* ViewController.swift */ = {isa = PBXFileReference; lastKnownFileType = sourcecode.swift; path = ViewController.swift; sourceTree = "<group>"; };
		A8C9DA031EA8E0C300264520 /* Base */ = {isa = PBXFileReference; lastKnownFileType = file.storyboard; name = Base; path = Base.lproj/Main.storyboard; sourceTree = "<group>"; };
		A8C9DA061EA8E0C300264520 /* TreeViewAssignment.xcdatamodel */ = {isa = PBXFileReference; lastKnownFileType = wrapper.xcdatamodel; path = TreeViewAssignment.xcdatamodel; sourceTree = "<group>"; };
		A8C9DA081EA8E0C300264520 /* Assets.xcassets */ = {isa = PBXFileReference; lastKnownFileType = folder.assetcatalog; path = Assets.xcassets; sourceTree = "<group>"; };
		A8C9DA0B1EA8E0C300264520 /* Base */ = {isa = PBXFileReference; lastKnownFileType = file.storyboard; name = Base; path = Base.lproj/LaunchScreen.storyboard; sourceTree = "<group>"; };
		A8C9DA0D1EA8E0C300264520 /* Info.plist */ = {isa = PBXFileReference; lastKnownFileType = text.plist.xml; path = Info.plist; sourceTree = "<group>"; };
/* End PBXFileReference section */

/* Begin PBXFrameworksBuildPhase section */
		A8C9D9F81EA8E0C300264520 /* Frameworks */ = {
			isa = PBXFrameworksBuildPhase;
			buildActionMask = 2147483647;
			files = (
			);
			runOnlyForDeploymentPostprocessing = 0;
		};
/* End PBXFrameworksBuildPhase section */

/* Begin PBXGroup section */
		A8C9D9F21EA8E0C300264520 = {
			isa = PBXGroup;
			children = (
				A8C9D9FD1EA8E0C300264520 /* TreeViewAssignment */,
				A8C9D9FC1EA8E0C300264520 /* Products */,
			);
			sourceTree = "<group>";
		};
		A8C9D9FC1EA8E0C300264520 /* Products */ = {
			isa = PBXGroup;
			children = (
				A8C9D9FB1EA8E0C300264520 /* TreeViewAssignment.app */,
			);
			name = Products;
			sourceTree = "<group>";
		};
		A8C9D9FD1EA8E0C300264520 /* TreeViewAssignment */ = {
			isa = PBXGroup;
			children = (
				A8C9D9FE1EA8E0C300264520 /* AppDelegate.swift */,
				A8C9DA001EA8E0C300264520 /* ViewController.swift */,
				A8C9DA021EA8E0C300264520 /* Main.storyboard */,
				A8C9DA081EA8E0C300264520 /* Assets.xcassets */,
				A8C9DA0A1EA8E0C300264520 /* LaunchScreen.storyboard */,
				A8C9DA0D1EA8E0C300264520 /* Info.plist */,
				A8C9DA051EA8E0C300264520 /* TreeViewAssignment.xcdatamodeld */,
			);
			path = TreeViewAssignment;
			sourceTree = "<group>";
		};
/* End PBXGroup section */

/* Begin PBXNativeTarget section */
		A8C9D9FA1EA8E0C300264520 /* TreeViewAssignment */ = {
			isa = PBXNativeTarget;
			buildConfigurationList = A8C9DA101EA8E0C300264520 /* Build configuration list for PBXNativeTarget "TreeViewAssignment" */;
			buildPhases = (
				A8C9D9F71EA8E0C300264520 /* Sources */,
				A8C9D9F81EA8E0C300264520 /* Frameworks */,
				A8C9D9F91EA8E0C300264520 /* Resources */,
			);
			buildRules = (
			);
			dependencies = (
			);
			name = TreeViewAssignment;
			productName = TreeViewAssignment;
			productReference = A8C9D9FB1EA8E0C300264520 /* TreeViewAssignment.app */;
			productType = "com.apple.product-type.application";
		};
/* End PBXNativeTarget section */

/* Begin PBXProject section */
		A8C9D9F31EA8E0C300264520 /* Project object */ = {
			isa = PBXProject;
			attributes = {
				LastSwiftUpdateCheck = 0830;
				LastUpgradeCheck = 0830;
				ORGANIZATIONNAME = "Shariar Razm";
				TargetAttributes = {
					A8C9D9FA1EA8E0C300264520 = {
						CreatedOnToolsVersion = 8.3.2;
						ProvisioningStyle = Automatic;
					};
				};
			};
			buildConfigurationList = A8C9D9F61EA8E0C300264520 /* Build configuration list for PBXProject "TreeViewAssignment" */;
			compatibilityVersion = "Xcode 3.2";
			developmentRegion = English;
			hasScannedForEncodings = 0;
			knownRegions = (
				en,
				Base,
			);
			mainGroup = A8C9D9F21EA8E0C300264520;
			productRefGroup = A8C9D9FC1EA8E0C300264520 /* Products */;
			projectDirPath = "";
			projectRoot = "";
			targets = (
				A8C9D9FA1EA8E0C300264520 /* TreeViewAssignment */,
			);
		};
/* End PBXProject section */

/* Begin PBXResourcesBuildPhase section */
		A8C9D9F91EA8E0C300264520 /* Resources */ = {
			isa = PBXResourcesBuildPhase;
			buildActionMask = 2147483647;
			files = (
				A8C9DA0C1EA8E0C300264520 /* LaunchScreen.storyboard in Resources */,
				A8C9DA091EA8E0C300264520 /* Assets.xcassets in Resources */,
				A8C9DA041EA8E0C300264520 /* Main.storyboard in Resources */,
			);
			runOnlyForDeploymentPostprocessing = 0;
		};
/* End PBXResourcesBuildPhase section */

/* Begin PBXSourcesBuildPhase section */
		A8C9D9F71EA8E0C300264520 /* Sources */ = {
			isa = PBXSourcesBuildPhase;
			buildActionMask = 2147483647;
			files = (
				A8C9DA011EA8E0C300264520 /* ViewController.swift in Sources */,
				A8C9D9FF1EA8E0C300264520 /* AppDelegate.swift in Sources */,
				A8C9DA071EA8E0C300264520 /* TreeViewAssignment.xcdatamodeld in Sources */,
			);
			runOnlyForDeploymentPostprocessing = 0;
		};
/* End PBXSourcesBuildPhase section */

/* Begin PBXVariantGroup section */
		A8C9DA021EA8E0C300264520 /* Main.storyboard */ = {
			isa = PBXVariantGroup;
			children = (
				A8C9DA031EA8E0C300264520 /* Base */,
			);
			name = Main.storyboard;
			sourceTree = "<group>";
		};
		A8C9DA0A1EA8E0C300264520 /* LaunchScreen.storyboard */ = {
			isa = PBXVariantGroup;
			children = (
				A8C9DA0B1EA8E0C300264520 /* Base */,
			);
			name = LaunchScreen.storyboard;
			sourceTree = "<group>";
		};
/* End PBXVariantGroup section */

/* Begin XCBuildConfiguration section */
		A8C9DA0E1EA8E0C300264520 /* Debug */ = {
			isa = XCBuildConfiguration;
			buildSettings = {
				ALWAYS_SEARCH_USER_PATHS = NO;
				CLANG_ANALYZER_NONNULL = YES;
				CLANG_ANALYZER_NUMBER_OBJECT_CONVERSION = YES_AGGRESSIVE;
				CLANG_CXX_LANGUAGE_STANDARD = "gnu++0x";
				CLANG_CXX_LIBRARY = "libc++";
				CLANG_ENABLE_MODULES = YES;
				CLANG_ENABLE_OBJC_ARC = YES;
				CLANG_WARN_BOOL_CONVERSION = YES;
				CLANG_WARN_CONSTANT_CONVERSION = YES;
				CLANG_WARN_DIRECT_OBJC_ISA_USAGE = YES_ERROR;
				CLANG_WARN_DOCUMENTATION_COMMENTS = YES;
				CLANG_WARN_EMPTY_BODY = YES;
				CLANG_WARN_ENUM_CONVERSION = YES;
				CLANG_WARN_INFINITE_RECURSION = YES;
				CLANG_WARN_INT_CONVERSION = YES;
				CLANG_WARN_OBJC_ROOT_CLASS = YES_ERROR;
				CLANG_WARN_SUSPICIOUS_MOVE = YES;
				CLANG_WARN_UNREACHABLE_CODE = YES;
				CLANG_WARN__DUPLICATE_METHOD_MATCH = YES;
				"CODE_SIGN_IDENTITY[sdk=iphoneos*]" = "iPhone Developer";
				COPY_PHASE_STRIP = NO;
				DEBUG_INFORMATION_FORMAT = dwarf;
				ENABLE_STRICT_OBJC_MSGSEND = YES;
				ENABLE_TESTABILITY = YES;
				GCC_C_LANGUAGE_STANDARD = gnu99;
				GCC_DYNAMIC_NO_PIC = NO;
				GCC_NO_COMMON_BLOCKS = YES;
				GCC_OPTIMIZATION_LEVEL = 0;
				GCC_PREPROCESSOR_DEFINITIONS = (
					"DEBUG=1",
					"$(inherited)",
				);
				GCC_WARN_64_TO_32_BIT_CONVERSION = YES;
				GCC_WARN_ABOUT_RETURN_TYPE = YES_ERROR;
				GCC_WARN_UNDECLARED_SELECTOR = YES;
				GCC_WARN_UNINITIALIZED_AUTOS = YES_AGGRESSIVE;
				GCC_WARN_UNUSED_FUNCTION = YES;
				GCC_WARN_UNUSED_VARIABLE = YES;
				IPHONEOS_DEPLOYMENT_TARGET = 10.3;
				MTL_ENABLE_DEBUG_INFO = YES;
				ONLY_ACTIVE_ARCH = YES;
				SDKROOT = iphoneos;
				SWIFT_ACTIVE_COMPILATION_CONDITIONS = DEBUG;
				SWIFT_OPTIMIZATION_LEVEL = "-Onone";
			};
			name = Debug;
		};
		A8C9DA0F1EA8E0C300264520 /* Release */ = {
			isa = XCBuildConfiguration;
			buildSettings = {
				ALWAYS_SEARCH_USER_PATHS = NO;
				CLANG_ANALYZER_NONNULL = YES;
				CLANG_ANALYZER_NUMBER_OBJECT_CONVERSION = YES_AGGRESSIVE;
				CLANG_CXX_LANGUAGE_STANDARD = "gnu++0x";
				CLANG_CXX_LIBRARY = "libc++";
				CLANG_ENABLE_MODULES = YES;
				CLANG_ENABLE_OBJC_ARC = YES;
				CLANG_WARN_BOOL_CONVERSION = YES;
				CLANG_WARN_CONSTANT_CONVERSION = YES;
				CLANG_WARN_DIRECT_OBJC_ISA_USAGE = YES_ERROR;
				CLANG_WARN_DOCUMENTATION_COMMENTS = YES;
				CLANG_WARN_EMPTY_BODY = YES;
				CLANG_WARN_ENUM_CONVERSION = YES;
				CLANG_WARN_INFINITE_RECURSION = YES;
				CLANG_WARN_INT_CONVERSION = YES;
				CLANG_WARN_OBJC_ROOT_CLASS = YES_ERROR;
				CLANG_WARN_SUSPICIOUS_MOVE = YES;
				CLANG_WARN_UNREACHABLE_CODE = YES;
				CLANG_WARN__DUPLICATE_METHOD_MATCH = YES;
				"CODE_SIGN_IDENTITY[sdk=iphoneos*]" = "iPhone Developer";
				COPY_PHASE_STRIP = NO;
				DEBUG_INFORMATION_FORMAT = "dwarf-with-dsym";
				ENABLE_NS_ASSERTIONS = NO;
				ENABLE_STRICT_OBJC_MSGSEND = YES;
				GCC_C_LANGUAGE_STANDARD = gnu99;
				GCC_NO_COMMON_BLOCKS = YES;
				GCC_WARN_64_TO_32_BIT_CONVERSION = YES;
				GCC_WARN_ABOUT_RETURN_TYPE = YES_ERROR;
				GCC_WARN_UNDECLARED_SELECTOR = YES;
				GCC_WARN_UNINITIALIZED_AUTOS = YES_AGGRESSIVE;
				GCC_WARN_UNUSED_FUNCTION = YES;
				GCC_WARN_UNUSED_VARIABLE = YES;
				IPHONEOS_DEPLOYMENT_TARGET = 10.3;
				MTL_ENABLE_DEBUG_INFO = NO;
				SDKROOT = iphoneos;
				SWIFT_OPTIMIZATION_LEVEL = "-Owholemodule";
				VALIDATE_PRODUCT = YES;
			};
			name = Release;
		};
		A8C9DA111EA8E0C300264520 /* Debug */ = {
			isa = XCBuildConfiguration;
			buildSettings = {
				ASSETCATALOG_COMPILER_APPICON_NAME = AppIcon;
				INFOPLIST_FILE = TreeViewAssignment/Info.plist;
				LD_RUNPATH_SEARCH_PATHS = "$(inherited) @executable_path/Frameworks";
				PRODUCT_BUNDLE_IDENTIFIER = shariar.TreeViewAssignment;
				PRODUCT_NAME = "$(TARGET_NAME)";
				SWIFT_VERSION = 3.0;
			};
			name = Debug;
		};
		A8C9DA121EA8E0C300264520 /* Release */ = {
			isa = XCBuildConfiguration;
			buildSettings = {
				ASSETCATALOG_COMPILER_APPICON_NAME = AppIcon;
				INFOPLIST_FILE = TreeViewAssignment/Info.plist;
				LD_RUNPATH_SEARCH_PATHS = "$(inherited) @executable_path/Frameworks";
				PRODUCT_BUNDLE_IDENTIFIER = shariar.TreeViewAssignment;
				PRODUCT_NAME = "$(TARGET_NAME)";
				SWIFT_VERSION = 3.0;
			};
			name = Release;
		};
/* End XCBuildConfiguration section */

/* Begin XCConfigurationList section */
		A8C9D9F61EA8E0C300264520 /* Build configuration list for PBXProject "TreeViewAssignment" */ = {
			isa = XCConfigurationList;
			buildConfigurations = (
				A8C9DA0E1EA8E0C300264520 /* Debug */,
				A8C9DA0F1EA8E0C300264520 /* Release */,
			);
			defaultConfigurationIsVisible = 0;
			defaultConfigurationName = Release;
		};
		A8C9DA101EA8E0C300264520 /* Build configuration list for PBXNativeTarget "TreeViewAssignment" */ = {
			isa = XCConfigurationList;
			buildConfigurations = (
				A8C9DA111EA8E0C300264520 /* Debug */,
				A8C9DA121EA8E0C300264520 /* Release */,
			);
			defaultConfigurationIsVisible = 0;
		};
/* End XCConfigurationList section */

/* Begin XCVersionGroup section */
		A8C9DA051EA8E0C300264520 /* TreeViewAssignment.xcdatamodeld */ = {
			isa = XCVersionGroup;
			children = (
				A8C9DA061EA8E0C300264520 /* TreeViewAssignment.xcdatamodel */,
			);
			currentVersion = A8C9DA061EA8E0C300264520 /* TreeViewAssignment.xcdatamodel */;
			path = TreeViewAssignment.xcdatamodeld;
			sourceTree = "<group>";
			versionGroupType = wrapper.xcdatamodel;
		};
/* End XCVersionGroup section */
	};
	rootObject = A8C9D9F31EA8E0C300264520 /* Project object */;
}
